<?xml version="1.0" encoding="utf-8"?>
<Project ToolsVersion="4.0" xmlns="http://schemas.microsoft.com/developer/msbuild/2003">
  <ItemGroup>
    <Filter Include="Source Files">
      <UniqueIdentifier>{4FC737F1-C7A5-4376-A066-2A32D752A2FF}</UniqueIdentifier>
      <Extensions>cpp;c;cc;cxx;def;odl;idl;hpj;bat;asm;asmx</Extensions>
    </Filter>
    <Filter Include="Header Files">
      <UniqueIdentifier>{93995380-89BD-4b04-88EB-625FBE52EBFB}</UniqueIdentifier>
      <Extensions>h;hh;hpp;hxx;hm;inl;inc;xsd</Extensions>
    </Filter>
    <Filter Include="Resource Files">
      <UniqueIdentifier>{67DA6AB6-F800-4c08-8B7A-83BB121AAD01}</UniqueIdentifier>
      <Extensions>rc;ico;cur;bmp;dlg;rc2;rct;bin;rgs;gif;jpg;jpeg;jpe;resx;tiff;tif;png;wav;mfcribbon-ms</Extensions>
    </Filter>
    <Filter Include="Shaders">
      <UniqueIdentifier>{8b6c92a8-f65d-451e-80e3-d65773602b92}</UniqueIdentifier>
    </Filter>
    <Filter Include="Header Files\Scenes">
      <UniqueIdentifier>{1edf825e-7690-43e0-a78c-9ba89cccd3cb}</UniqueIdentifier>
    </Filter>
    <Filter Include="Header Files\Models">
      <UniqueIdentifier>{68850431-454a-4136-a8d5-0a6ab699b8e7}</UniqueIdentifier>
    </Filter>
    <Filter Include="Header Files\_ChiliFramework">
      <UniqueIdentifier>{c9963765-c98b-4d70-8c13-d4f252ffce64}</UniqueIdentifier>
    </Filter>
    <Filter Include="Header Files\Effects">
      <UniqueIdentifier>{8b48b607-942d-420f-8854-0e16c84ac9b8}</UniqueIdentifier>
    </Filter>
    <Filter Include="Header Files\Effects\Defaults">
      <UniqueIdentifier>{9cba1632-cd46-4d2e-ba39-2c5b748da39a}</UniqueIdentifier>
    </Filter>
    <Filter Include="Header Files\Effects\Defaults\Vertices">
      <UniqueIdentifier>{b7bef8f0-42e3-44af-acbb-ddb2a2bb6cc9}</UniqueIdentifier>
    </Filter>
    <Filter Include="Header Files\Effects\FlatShading">
      <UniqueIdentifier>{99f6f8a0-f7a7-4959-a5d2-58d05d7a4d06}</UniqueIdentifier>
    </Filter>
    <Filter Include="Header Files\Effects\Defaults\PixelShader">
      <UniqueIdentifier>{b535f11d-8396-4f79-bb8c-2b18885ecd67}</UniqueIdentifier>
    </Filter>
    <Filter Include="Header Files\Effects\PixelShading">
      <UniqueIdentifier>{a3b084f8-016f-4d5d-ad65-c6f7e5dbca53}</UniqueIdentifier>
    </Filter>
    <Filter Include="Header Files\Scenes\Old">
      <UniqueIdentifier>{9ac7b99e-0fe8-4945-817c-1dd88c5ca08a}</UniqueIdentifier>
    </Filter>
    <Filter Include="Header Files\Effects\Old">
      <UniqueIdentifier>{74c7cc15-ea8f-4656-afb9-191c7c872986}</UniqueIdentifier>
    </Filter>
    <Filter Include="Header Files\Effects\VertexShading">
      <UniqueIdentifier>{0bdcceab-5e0a-4313-b9f4-9b49f9d1ae1c}</UniqueIdentifier>
    </Filter>
    <Filter Include="Header Files\Effects\Defaults\LightingEffects">
      <UniqueIdentifier>{91f166d7-6433-40cf-9573-ece183403e69}</UniqueIdentifier>
    </Filter>
  </ItemGroup>
  <ItemGroup>
    <ClInclude Include="Colors.h">
      <Filter>Header Files</Filter>
    </ClInclude>
    <ClInclude Include="Game.h">
      <Filter>Header Files</Filter>
    </ClInclude>
    <ClInclude Include="Graphics.h">
      <Filter>Header Files</Filter>
    </ClInclude>
    <ClInclude Include="Surface.h">
      <Filter>Header Files</Filter>
    </ClInclude>
    <ClInclude Include="Vec2.h">
      <Filter>Header Files</Filter>
    </ClInclude>
    <ClInclude Include="Vec3.h">
      <Filter>Header Files</Filter>
    </ClInclude>
    <ClInclude Include="IndexedLineList.h">
      <Filter>Header Files</Filter>
    </ClInclude>
    <ClInclude Include="IndexedTriangleList.h">
      <Filter>Header Files</Filter>
    </ClInclude>
    <ClInclude Include="Scene.h">
      <Filter>Header Files</Filter>
    </ClInclude>
    <ClInclude Include="Cube.h">
      <Filter>Header Files\Models</Filter>
    </ClInclude>
    <ClInclude Include="ChiliMath.h">
      <Filter>Header Files\_ChiliFramework</Filter>
    </ClInclude>
    <ClInclude Include="ChiliWin.h">
      <Filter>Header Files\_ChiliFramework</Filter>
    </ClInclude>
    <ClInclude Include="DXErr.h">
      <Filter>Header Files\_ChiliFramework</Filter>
    </ClInclude>
    <ClInclude Include="ChiliException.h">
      <Filter>Header Files\_ChiliFramework</Filter>
    </ClInclude>
    <ClInclude Include="GDIPlusManager.h">
      <Filter>Header Files\_ChiliFramework</Filter>
    </ClInclude>
    <ClInclude Include="MainWindow.h">
      <Filter>Header Files\_ChiliFramework</Filter>
    </ClInclude>
    <ClInclude Include="Keyboard.h">
      <Filter>Header Files\_ChiliFramework</Filter>
    </ClInclude>
    <ClInclude Include="Mouse.h">
      <Filter>Header Files\_ChiliFramework</Filter>
    </ClInclude>
    <ClInclude Include="Resource.h">
      <Filter>Header Files\_ChiliFramework</Filter>
    </ClInclude>
    <ClInclude Include="Pipeline.h">
      <Filter>Header Files</Filter>
    </ClInclude>
    <ClInclude Include="Triangle.h">
      <Filter>Header Files</Filter>
    </ClInclude>
    <ClInclude Include="NDCScreenTransformer.h">
      <Filter>Header Files</Filter>
    </ClInclude>
    <ClInclude Include="SolidColorEffect.h">
      <Filter>Header Files\Effects</Filter>
    </ClInclude>
    <ClInclude Include="ZBuffer.h">
      <Filter>Header Files</Filter>
    </ClInclude>
    <ClInclude Include="BaseVertexShader.h">
      <Filter>Header Files\Effects\Defaults</Filter>
    </ClInclude>
    <ClInclude Include="DefaultGeometryShader.h">
      <Filter>Header Files\Effects\Defaults</Filter>
    </ClInclude>
    <ClInclude Include="Plane.h">
      <Filter>Header Files\Models</Filter>
    </ClInclude>
    <ClInclude Include="FrameTimer.h">
      <Filter>Header Files</Filter>
    </ClInclude>
    <ClInclude Include="ObjectLoader.h">
      <Filter>Header Files\Models</Filter>
    </ClInclude>
    <ClInclude Include="Font.h">
      <Filter>Header Files</Filter>
    </ClInclude>
    <ClInclude Include="Rect.h">
      <Filter>Header Files</Filter>
    </ClInclude>
    <ClInclude Include="NormalVertex.h">
      <Filter>Header Files\Effects\Defaults\Vertices</Filter>
    </ClInclude>
    <ClInclude Include="BlendColorVertex.h">
      <Filter>Header Files\Effects\Defaults\Vertices</Filter>
    </ClInclude>
    <ClInclude Include="TextureNormalVertex.h">
      <Filter>Header Files\Effects\Defaults\Vertices</Filter>
    </ClInclude>
    <ClInclude Include="TextureVertex.h">
      <Filter>Header Files\Effects\Defaults\Vertices</Filter>
    </ClInclude>
    <ClInclude Include="SolidColorVertex.h">
      <Filter>Header Files\Effects\Defaults\Vertices</Filter>
    </ClInclude>
    <ClInclude Include="Sphere.h">
      <Filter>Header Files\Models</Filter>
    </ClInclude>
    <ClInclude Include="DefaultVertex.h">
      <Filter>Header Files\Effects\Defaults\Vertices</Filter>
    </ClInclude>
    <ClInclude Include="BaseTextureShader.h">
      <Filter>Header Files\Effects\Defaults\PixelShader</Filter>
    </ClInclude>
    <ClInclude Include="BlendNormalVertex.h">
      <Filter>Header Files\Effects\Defaults\Vertices</Filter>
    </ClInclude>
    <ClInclude Include="SpecularPixelPointEffect.h">
      <Filter>Header Files\Effects\PixelShading</Filter>
    </ClInclude>
    <ClInclude Include="SpecularScene.h">
      <Filter>Header Files\Scenes</Filter>
    </ClInclude>
    <ClInclude Include="Mat.h">
      <Filter>Header Files</Filter>
    </ClInclude>
    <ClInclude Include="Vec4.h">
      <Filter>Header Files</Filter>
    </ClInclude>
    <ClInclude Include="FlatShadingScene.h">
      <Filter>Header Files\Scenes\Old</Filter>
    </ClInclude>
    <ClInclude Include="PointLightScene.h">
      <Filter>Header Files\Scenes\Old</Filter>
    </ClInclude>
    <ClInclude Include="PointLightScenePlane.h">
      <Filter>Header Files\Scenes\Old</Filter>
    </ClInclude>
    <ClInclude Include="ShadingScene.h">
      <Filter>Header Files\Scenes\Old</Filter>
    </ClInclude>
    <ClInclude Include="SphereScene.h">
      <Filter>Header Files\Scenes\Old</Filter>
    </ClInclude>
    <ClInclude Include="TextureCubeScene.h">
      <Filter>Header Files\Scenes\Old</Filter>
    </ClInclude>
    <ClInclude Include="TextureShadingScene.h">
      <Filter>Header Files\Scenes\Old</Filter>
    </ClInclude>
    <ClInclude Include="TwoCubesScene.h">
      <Filter>Header Files\Scenes\Old</Filter>
    </ClInclude>
    <ClInclude Include="VertexColorScene.h">
      <Filter>Header Files\Scenes\Old</Filter>
    </ClInclude>
    <ClInclude Include="WaveScene.h">
      <Filter>Header Files\Scenes\Old</Filter>
    </ClInclude>
    <ClInclude Include="PixelPointEffect.h">
      <Filter>Header Files\Effects\Old</Filter>
    </ClInclude>
    <ClInclude Include="PixelDirectionalEffect.h">
      <Filter>Header Files\Effects\Old</Filter>
    </ClInclude>
    <ClInclude Include="WaveTexturedGouraudEffect.h">
      <Filter>Header Files\Effects\Old</Filter>
    </ClInclude>
    <ClInclude Include="TexturedGouraudEffect.h">
      <Filter>Header Files\Effects\Old</Filter>
    </ClInclude>
    <ClInclude Include="GouraudPointEffect.h">
      <Filter>Header Files\Effects\Old</Filter>
    </ClInclude>
    <ClInclude Include="GouraudEffect.h">
      <Filter>Header Files\Effects\Old</Filter>
    </ClInclude>
    <ClInclude Include="WaveShadingTextureEffect.h">
      <Filter>Header Files\Effects\Old</Filter>
    </ClInclude>
    <ClInclude Include="ShadingTextureEffect.h">
      <Filter>Header Files\Effects\Old</Filter>
    </ClInclude>
    <ClInclude Include="FlatShadingEffect.h">
      <Filter>Header Files\Effects\Old</Filter>
    </ClInclude>
    <ClInclude Include="GeometryColorEffect.h">
      <Filter>Header Files\Effects\Old</Filter>
    </ClInclude>
    <ClInclude Include="TextureEffect.h">
      <Filter>Header Files\Effects\Old</Filter>
    </ClInclude>
    <ClInclude Include="PlaneScene.h">
      <Filter>Header Files\Scenes</Filter>
    </ClInclude>
    <ClInclude Include="Camera.h">
      <Filter>Header Files</Filter>
    </ClInclude>
    <ClInclude Include="Player.h">
      <Filter>Header Files</Filter>
    </ClInclude>
    <ClInclude Include="SpecularTexturedWaveEffect.h">
      <Filter>Header Files\Effects\PixelShading</Filter>
    </ClInclude>
    <ClInclude Include="TextureBlendNormalVertex.h">
      <Filter>Header Files\Effects\Defaults\Vertices</Filter>
    </ClInclude>
    <ClInclude Include="TexturedVertexPointEffect.h">
      <Filter>Header Files\Effects\VertexShading</Filter>
    </ClInclude>
    <ClInclude Include="BaseSpecularShader.h">
      <Filter>Header Files\Effects\Defaults\LightingEffects</Filter>
    </ClInclude>
    <ClInclude Include="BasePointShader.h">
      <Filter>Header Files\Effects\Defaults\LightingEffects</Filter>
    </ClInclude>
    <ClInclude Include="WorldNormalVertex.h">
      <Filter>Header Files\Effects\Defaults\Vertices</Filter>
    </ClInclude>
    <ClInclude Include="TextureShader.h">
      <Filter>Header Files\Effects</Filter>
    </ClInclude>
  </ItemGroup>
  <ItemGroup>
    <ClCompile Include="DXErr.cpp">
      <Filter>Source Files</Filter>
    </ClCompile>
    <ClCompile Include="Game.cpp">
      <Filter>Source Files</Filter>
    </ClCompile>
    <ClCompile Include="Graphics.cpp">
      <Filter>Source Files</Filter>
    </ClCompile>
    <ClCompile Include="Keyboard.cpp">
      <Filter>Source Files</Filter>
    </ClCompile>
    <ClCompile Include="Main.cpp">
      <Filter>Source Files</Filter>
    </ClCompile>
    <ClCompile Include="MainWindow.cpp">
      <Filter>Source Files</Filter>
    </ClCompile>
    <ClCompile Include="Mouse.cpp">
      <Filter>Source Files</Filter>
    </ClCompile>
    <ClCompile Include="Surface.cpp">
      <Filter>Source Files</Filter>
    </ClCompile>
    <ClCompile Include="GDIPlusManager.cpp">
      <Filter>Source Files</Filter>
    </ClCompile>
    <ClCompile Include="FrameTimer.cpp">
      <Filter>Source Files</Filter>
    </ClCompile>
    <ClCompile Include="Font.cpp">
      <Filter>Source Files</Filter>
    </ClCompile>
  </ItemGroup>
  <ItemGroup>
    <FxCompile Include="FramebufferPS.hlsl">
      <Filter>Shaders</Filter>
    </FxCompile>
    <FxCompile Include="FramebufferVS.hlsl">
      <Filter>Shaders</Filter>
    </FxCompile>
  </ItemGroup>
  <ItemGroup>
    <ResourceCompile Include="Resource.rc">
      <Filter>Resource Files</Filter>
    </ResourceCompile>
  </ItemGroup>
  <ItemGroup>
    <Image Include="Chili.ico">
      <Filter>Resource Files</Filter>
    </Image>
  </ItemGroup>
</Project>